Microsoft Visual Studio Solution File, Format Version 12.00
# Visual Studio Version 17
VisualStudioVersion = 17.5.2.0
MinimumVisualStudioVersion = 10.0.40219.1
Project("{FAE04EC0-301F-11D3-BF4B-00C04F79EFBC}") = "MyBackend", "MyBackend.csproj", "{ECB2A9D1-AC75-0453-6476-7DBC2DB9BA0C}"
EndProject
Global
	GlobalSection(SolutionConfigurationPlatforms) = preSolution
		Debug|Any CPU = Debug|Any CPU
		Release|Any CPU = Release|Any CPU
	EndGlobalSection
	GlobalSection(ProjectConfigurationPlatforms) = postSolution
		{ECB2A9D1-AC75-0453-6476-7DBC2DB9BA0C}.Debug|Any CPU.ActiveCfg = Debug|Any CPU
		{ECB2A9D1-AC75-0453-6476-7DBC2DB9BA0C}.Debug|Any CPU.Build.0 = Debug|Any CPU
		{ECB2A9D1-AC75-0453-6476-7DBC2DB9BA0C}.Release|Any CPU.ActiveCfg = Release|Any CPU
		{ECB2A9D1-AC75-0453-6476-7DBC2DB9BA0C}.Release|Any CPU.Build.0 = Release|Any CPU
	EndGlobalSection
	GlobalSection(SolutionProperties) = preSolution
		HideSolutionNode = FALSE
	EndGlobalSection
	GlobalSection(ExtensibilityGlobals) = postSolution
		SolutionGuid = {E573F5DC-4DBB-4BEF-8234-B28BE6EDD194}
	EndGlobalSection
EndGlobal
